// !$*UTF8*$!
{
	archiveVersion = 1;
	classes = {
	};
	objectVersion = 46;
	objects = {

/* Begin PBXBuildFile section */
		431E1C1919A4E3AA00DB1383 /* XGMQuadrado.m in Sources */ = {isa = PBXBuildFile; fileRef = 431E1C1819A4E3AA00DB1383 /* XGMQuadrado.m */; };
		431E1C1D19A4E76400DB1383 /* XGMResultadoViewController.m in Sources */ = {isa = PBXBuildFile; fileRef = 431E1C1C19A4E76400DB1383 /* XGMResultadoViewController.m */; };
		431E1C2119A4FF7000DB1383 /* XGMTriangulo.m in Sources */ = {isa = PBXBuildFile; fileRef = 431E1C2019A4FF7000DB1383 /* XGMTriangulo.m */; };
		431E1C2519A5021A00DB1383 /* XGMCirculo.m in Sources */ = {isa = PBXBuildFile; fileRef = 431E1C2419A5021A00DB1383 /* XGMCirculo.m */; };
		431E1C2919A50B0100DB1383 /* XGMCilindro.m in Sources */ = {isa = PBXBuildFile; fileRef = 431E1C2819A50B0100DB1383 /* XGMCilindro.m */; };
		431E1C2D19A511E700DB1383 /* XGMCone.m in Sources */ = {isa = PBXBuildFile; fileRef = 431E1C2C19A511E700DB1383 /* XGMCone.m */; };
		431E1C3219A53AF400DB1383 /* XGMCubo.m in Sources */ = {isa = PBXBuildFile; fileRef = 431E1C3119A53AF400DB1383 /* XGMCubo.m */; };
		431E1C3619A5416200DB1383 /* XGMEsfera.m in Sources */ = {isa = PBXBuildFile; fileRef = 431E1C3519A5416200DB1383 /* XGMEsfera.m */; };
		432C4CD0199A90D900162D4D /* XGMFormaTableViewController.m in Sources */ = {isa = PBXBuildFile; fileRef = 432C4CCF199A90D900162D4D /* XGMFormaTableViewController.m */; };
		435B8B5E19A6513A00D2A3B7 /* XGMRetangulo.m in Sources */ = {isa = PBXBuildFile; fileRef = 435B8B5D19A6513A00D2A3B7 /* XGMRetangulo.m */; };
		435B8B6219A6561500D2A3B7 /* XGMTrapezio.m in Sources */ = {isa = PBXBuildFile; fileRef = 435B8B6119A6561500D2A3B7 /* XGMTrapezio.m */; };
		435B8B6619A65DCB00D2A3B7 /* XGMTroncoDeCone.m in Sources */ = {isa = PBXBuildFile; fileRef = 435B8B6519A65DCB00D2A3B7 /* XGMTroncoDeCone.m */; };
		43C4E58519A29991009BE472 /* XGMCalculoViewController.m in Sources */ = {isa = PBXBuildFile; fileRef = 43C4E58419A29991009BE472 /* XGMCalculoViewController.m */; };
		43CF0D56199548AE00ECC2AC /* Foundation.framework in Frameworks */ = {isa = PBXBuildFile; fileRef = 43CF0D55199548AE00ECC2AC /* Foundation.framework */; };
		43CF0D58199548AE00ECC2AC /* CoreGraphics.framework in Frameworks */ = {isa = PBXBuildFile; fileRef = 43CF0D57199548AE00ECC2AC /* CoreGraphics.framework */; };
		43CF0D5A199548AE00ECC2AC /* UIKit.framework in Frameworks */ = {isa = PBXBuildFile; fileRef = 43CF0D59199548AE00ECC2AC /* UIKit.framework */; };
		43CF0D60199548AE00ECC2AC /* InfoPlist.strings in Resources */ = {isa = PBXBuildFile; fileRef = 43CF0D5E199548AE00ECC2AC /* InfoPlist.strings */; };
		43CF0D62199548AE00ECC2AC /* main.m in Sources */ = {isa = PBXBuildFile; fileRef = 43CF0D61199548AE00ECC2AC /* main.m */; };
		43CF0D66199548AE00ECC2AC /* XGMAppDelegate.m in Sources */ = {isa = PBXBuildFile; fileRef = 43CF0D65199548AE00ECC2AC /* XGMAppDelegate.m */; };
		43CF0D69199548AE00ECC2AC /* Main_iPhone.storyboard in Resources */ = {isa = PBXBuildFile; fileRef = 43CF0D67199548AE00ECC2AC /* Main_iPhone.storyboard */; };
		43CF0D6C199548AE00ECC2AC /* Main_iPad.storyboard in Resources */ = {isa = PBXBuildFile; fileRef = 43CF0D6A199548AE00ECC2AC /* Main_iPad.storyboard */; };
		43CF0D71199548AE00ECC2AC /* Images.xcassets in Resources */ = {isa = PBXBuildFile; fileRef = 43CF0D70199548AE00ECC2AC /* Images.xcassets */; };
		43CF0D78199548AF00ECC2AC /* XCTest.framework in Frameworks */ = {isa = PBXBuildFile; fileRef = 43CF0D77199548AF00ECC2AC /* XCTest.framework */; };
		43CF0D79199548AF00ECC2AC /* Foundation.framework in Frameworks */ = {isa = PBXBuildFile; fileRef = 43CF0D55199548AE00ECC2AC /* Foundation.framework */; };
		43CF0D7A199548AF00ECC2AC /* UIKit.framework in Frameworks */ = {isa = PBXBuildFile; fileRef = 43CF0D59199548AE00ECC2AC /* UIKit.framework */; };
		43CF0D82199548AF00ECC2AC /* InfoPlist.strings in Resources */ = {isa = PBXBuildFile; fileRef = 43CF0D80199548AF00ECC2AC /* InfoPlist.strings */; };
		43CF0D84199548AF00ECC2AC /* xGeometryTests.m in Sources */ = {isa = PBXBuildFile; fileRef = 43CF0D83199548AF00ECC2AC /* xGeometryTests.m */; };
		43CF0D9319955B9100ECC2AC /* XGMPrincipalTableViewController.m in Sources */ = {isa = PBXBuildFile; fileRef = 43CF0D9219955B9100ECC2AC /* XGMPrincipalTableViewController.m */; };
		43CF0D9619955CB500ECC2AC /* principalTableView.plist in Resources */ = {isa = PBXBuildFile; fileRef = 43CF0D9519955CB500ECC2AC /* principalTableView.plist */; };
/* End PBXBuildFile section */

/* Begin PBXContainerItemProxy section */
		43CF0D7B199548AF00ECC2AC /* PBXContainerItemProxy */ = {
			isa = PBXContainerItemProxy;
			containerPortal = 43CF0D4A199548AE00ECC2AC /* Project object */;
			proxyType = 1;
			remoteGlobalIDString = 43CF0D51199548AE00ECC2AC;
			remoteInfo = xGeometry;
		};
/* End PBXContainerItemProxy section */

/* Begin PBXFileReference section */
		431E1C1719A4E3AA00DB1383 /* XGMQuadrado.h */ = {isa = PBXFileReference; fileEncoding = 4; lastKnownFileType = sourcecode.c.h; path = XGMQuadrado.h; sourceTree = "<group>"; };
		431E1C1819A4E3AA00DB1383 /* XGMQuadrado.m */ = {isa = PBXFileReference; fileEncoding = 4; lastKnownFileType = sourcecode.c.objc; path = XGMQuadrado.m; sourceTree = "<group>"; };
		431E1C1B19A4E76400DB1383 /* XGMResultadoViewController.h */ = {isa = PBXFileReference; fileEncoding = 4; lastKnownFileType = sourcecode.c.h; path = XGMResultadoViewController.h; sourceTree = "<group>"; };
		431E1C1C19A4E76400DB1383 /* XGMResultadoViewController.m */ = {isa = PBXFileReference; fileEncoding = 4; lastKnownFileType = sourcecode.c.objc; path = XGMResultadoViewController.m; sourceTree = "<group>"; };
		431E1C1F19A4FF7000DB1383 /* XGMTriangulo.h */ = {isa = PBXFileReference; fileEncoding = 4; lastKnownFileType = sourcecode.c.h; path = XGMTriangulo.h; sourceTree = "<group>"; };
		431E1C2019A4FF7000DB1383 /* XGMTriangulo.m */ = {isa = PBXFileReference; fileEncoding = 4; lastKnownFileType = sourcecode.c.objc; path = XGMTriangulo.m; sourceTree = "<group>"; };
		431E1C2319A5021A00DB1383 /* XGMCirculo.h */ = {isa = PBXFileReference; fileEncoding = 4; lastKnownFileType = sourcecode.c.h; path = XGMCirculo.h; sourceTree = "<group>"; };
		431E1C2419A5021A00DB1383 /* XGMCirculo.m */ = {isa = PBXFileReference; fileEncoding = 4; lastKnownFileType = sourcecode.c.objc; path = XGMCirculo.m; sourceTree = "<group>"; };
		431E1C2719A50B0100DB1383 /* XGMCilindro.h */ = {isa = PBXFileReference; fileEncoding = 4; lastKnownFileType = sourcecode.c.h; path = XGMCilindro.h; sourceTree = "<group>"; };
		431E1C2819A50B0100DB1383 /* XGMCilindro.m */ = {isa = PBXFileReference; fileEncoding = 4; lastKnownFileType = sourcecode.c.objc; path = XGMCilindro.m; sourceTree = "<group>"; };
		431E1C2B19A511E700DB1383 /* XGMCone.h */ = {isa = PBXFileReference; fileEncoding = 4; lastKnownFileType = sourcecode.c.h; path = XGMCone.h; sourceTree = "<group>"; };
		431E1C2C19A511E700DB1383 /* XGMCone.m */ = {isa = PBXFileReference; fileEncoding = 4; lastKnownFileType = sourcecode.c.objc; path = XGMCone.m; sourceTree = "<group>"; };
		431E1C3019A53AF400DB1383 /* XGMCubo.h */ = {isa = PBXFileReference; fileEncoding = 4; lastKnownFileType = sourcecode.c.h; path = XGMCubo.h; sourceTree = "<group>"; };
		431E1C3119A53AF400DB1383 /* XGMCubo.m */ = {isa = PBXFileReference; fileEncoding = 4; lastKnownFileType = sourcecode.c.objc; path = XGMCubo.m; sourceTree = "<group>"; };
		431E1C3419A5416200DB1383 /* XGMEsfera.h */ = {isa = PBXFileReference; fileEncoding = 4; lastKnownFileType = sourcecode.c.h; path = XGMEsfera.h; sourceTree = "<group>"; };
		431E1C3519A5416200DB1383 /* XGMEsfera.m */ = {isa = PBXFileReference; fileEncoding = 4; lastKnownFileType = sourcecode.c.objc; path = XGMEsfera.m; sourceTree = "<group>"; };
		432C4CCE199A90D900162D4D /* XGMFormaTableViewController.h */ = {isa = PBXFileReference; fileEncoding = 4; lastKnownFileType = sourcecode.c.h; path = XGMFormaTableViewController.h; sourceTree = "<group>"; };
		432C4CCF199A90D900162D4D /* XGMFormaTableViewController.m */ = {isa = PBXFileReference; fileEncoding = 4; lastKnownFileType = sourcecode.c.objc; path = XGMFormaTableViewController.m; sourceTree = "<group>"; };
		435B8B5C19A6513A00D2A3B7 /* XGMRetangulo.h */ = {isa = PBXFileReference; fileEncoding = 4; lastKnownFileType = sourcecode.c.h; path = XGMRetangulo.h; sourceTree = "<group>"; };
		435B8B5D19A6513A00D2A3B7 /* XGMRetangulo.m */ = {isa = PBXFileReference; fileEncoding = 4; lastKnownFileType = sourcecode.c.objc; path = XGMRetangulo.m; sourceTree = "<group>"; };
		435B8B6019A6561500D2A3B7 /* XGMTrapezio.h */ = {isa = PBXFileReference; fileEncoding = 4; lastKnownFileType = sourcecode.c.h; path = XGMTrapezio.h; sourceTree = "<group>"; };
		435B8B6119A6561500D2A3B7 /* XGMTrapezio.m */ = {isa = PBXFileReference; fileEncoding = 4; lastKnownFileType = sourcecode.c.objc; path = XGMTrapezio.m; sourceTree = "<group>"; };
		435B8B6419A65DCB00D2A3B7 /* XGMTroncoDeCone.h */ = {isa = PBXFileReference; fileEncoding = 4; lastKnownFileType = sourcecode.c.h; path = XGMTroncoDeCone.h; sourceTree = "<group>"; };
		435B8B6519A65DCB00D2A3B7 /* XGMTroncoDeCone.m */ = {isa = PBXFileReference; fileEncoding = 4; lastKnownFileType = sourcecode.c.objc; path = XGMTroncoDeCone.m; sourceTree = "<group>"; };
		43C4E58319A29991009BE472 /* XGMCalculoViewController.h */ = {isa = PBXFileReference; fileEncoding = 4; lastKnownFileType = sourcecode.c.h; path = XGMCalculoViewController.h; sourceTree = "<group>"; };
		43C4E58419A29991009BE472 /* XGMCalculoViewController.m */ = {isa = PBXFileReference; fileEncoding = 4; lastKnownFileType = sourcecode.c.objc; path = XGMCalculoViewController.m; sourceTree = "<group>"; };
		43CF0D52199548AE00ECC2AC /* xGeometry.app */ = {isa = PBXFileReference; explicitFileType = wrapper.application; includeInIndex = 0; path = xGeometry.app; sourceTree = BUILT_PRODUCTS_DIR; };
		43CF0D55199548AE00ECC2AC /* Foundation.framework */ = {isa = PBXFileReference; lastKnownFileType = wrapper.framework; name = Foundation.framework; path = System/Library/Frameworks/Foundation.framework; sourceTree = SDKROOT; };
		43CF0D57199548AE00ECC2AC /* CoreGraphics.framework */ = {isa = PBXFileReference; lastKnownFileType = wrapper.framework; name = CoreGraphics.framework; path = System/Library/Frameworks/CoreGraphics.framework; sourceTree = SDKROOT; };
		43CF0D59199548AE00ECC2AC /* UIKit.framework */ = {isa = PBXFileReference; lastKnownFileType = wrapper.framework; name = UIKit.framework; path = System/Library/Frameworks/UIKit.framework; sourceTree = SDKROOT; };
		43CF0D5D199548AE00ECC2AC /* xGeometry-Info.plist */ = {isa = PBXFileReference; lastKnownFileType = text.plist.xml; path = "xGeometry-Info.plist"; sourceTree = "<group>"; };
		43CF0D5F199548AE00ECC2AC /* en */ = {isa = PBXFileReference; lastKnownFileType = text.plist.strings; name = en; path = en.lproj/InfoPlist.strings; sourceTree = "<group>"; };
		43CF0D61199548AE00ECC2AC /* main.m */ = {isa = PBXFileReference; lastKnownFileType = sourcecode.c.objc; path = main.m; sourceTree = "<group>"; };
		43CF0D63199548AE00ECC2AC /* xGeometry-Prefix.pch */ = {isa = PBXFileReference; lastKnownFileType = sourcecode.c.h; path = "xGeometry-Prefix.pch"; sourceTree = "<group>"; };
		43CF0D64199548AE00ECC2AC /* XGMAppDelegate.h */ = {isa = PBXFileReference; lastKnownFileType = sourcecode.c.h; path = XGMAppDelegate.h; sourceTree = "<group>"; };
		43CF0D65199548AE00ECC2AC /* XGMAppDelegate.m */ = {isa = PBXFileReference; lastKnownFileType = sourcecode.c.objc; path = XGMAppDelegate.m; sourceTree = "<group>"; };
		43CF0D68199548AE00ECC2AC /* Base */ = {isa = PBXFileReference; lastKnownFileType = file.storyboard; name = Base; path = Base.lproj/Main_iPhone.storyboard; sourceTree = "<group>"; };
		43CF0D6B199548AE00ECC2AC /* Base */ = {isa = PBXFileReference; lastKnownFileType = file.storyboard; name = Base; path = Base.lproj/Main_iPad.storyboard; sourceTree = "<group>"; };
		43CF0D70199548AE00ECC2AC /* Images.xcassets */ = {isa = PBXFileReference; lastKnownFileType = folder.assetcatalog; path = Images.xcassets; sourceTree = "<group>"; };
		43CF0D76199548AF00ECC2AC /* xGeometryTests.xctest */ = {isa = PBXFileReference; explicitFileType = wrapper.cfbundle; includeInIndex = 0; path = xGeometryTests.xctest; sourceTree = BUILT_PRODUCTS_DIR; };
		43CF0D77199548AF00ECC2AC /* XCTest.framework */ = {isa = PBXFileReference; lastKnownFileType = wrapper.framework; name = XCTest.framework; path = Library/Frameworks/XCTest.framework; sourceTree = DEVELOPER_DIR; };
		43CF0D7F199548AF00ECC2AC /* xGeometryTests-Info.plist */ = {isa = PBXFileReference; lastKnownFileType = text.plist.xml; path = "xGeometryTests-Info.plist"; sourceTree = "<group>"; };
		43CF0D81199548AF00ECC2AC /* en */ = {isa = PBXFileReference; lastKnownFileType = text.plist.strings; name = en; path = en.lproj/InfoPlist.strings; sourceTree = "<group>"; };
		43CF0D83199548AF00ECC2AC /* xGeometryTests.m */ = {isa = PBXFileReference; lastKnownFileType = sourcecode.c.objc; path = xGeometryTests.m; sourceTree = "<group>"; };
		43CF0D9119955B9100ECC2AC /* XGMPrincipalTableViewController.h */ = {isa = PBXFileReference; fileEncoding = 4; lastKnownFileType = sourcecode.c.h; path = XGMPrincipalTableViewController.h; sourceTree = "<group>"; };
		43CF0D9219955B9100ECC2AC /* XGMPrincipalTableViewController.m */ = {isa = PBXFileReference; fileEncoding = 4; lastKnownFileType = sourcecode.c.objc; path = XGMPrincipalTableViewController.m; sourceTree = "<group>"; };
		43CF0D9519955CB500ECC2AC /* principalTableView.plist */ = {isa = PBXFileReference; fileEncoding = 4; lastKnownFileType = text.plist.xml; path = principalTableView.plist; sourceTree = "<group>"; };
/* End PBXFileReference section */

/* Begin PBXFrameworksBuildPhase section */
		43CF0D4F199548AE00ECC2AC /* Frameworks */ = {
			isa = PBXFrameworksBuildPhase;
			buildActionMask = 2147483647;
			files = (
				43CF0D58199548AE00ECC2AC /* CoreGraphics.framework in Frameworks */,
				43CF0D5A199548AE00ECC2AC /* UIKit.framework in Frameworks */,
				43CF0D56199548AE00ECC2AC /* Foundation.framework in Frameworks */,
			);
			runOnlyForDeploymentPostprocessing = 0;
		};
		43CF0D73199548AF00ECC2AC /* Frameworks */ = {
			isa = PBXFrameworksBuildPhase;
			buildActionMask = 2147483647;
			files = (
				43CF0D78199548AF00ECC2AC /* XCTest.framework in Frameworks */,
				43CF0D7A199548AF00ECC2AC /* UIKit.framework in Frameworks */,
				43CF0D79199548AF00ECC2AC /* Foundation.framework in Frameworks */,
			);
			runOnlyForDeploymentPostprocessing = 0;
		};
/* End PBXFrameworksBuildPhase section */

/* Begin PBXGroup section */
		431E1C1619A4E38F00DB1383 /* Quadrado */ = {
			isa = PBXGroup;
			children = (
				431E1C1719A4E3AA00DB1383 /* XGMQuadrado.h */,
				431E1C1819A4E3AA00DB1383 /* XGMQuadrado.m */,
			);
			name = Quadrado;
			sourceTree = "<group>";
		};
		431E1C1A19A4E74B00DB1383 /* ResultadoViewController */ = {
			isa = PBXGroup;
			children = (
				431E1C1B19A4E76400DB1383 /* XGMResultadoViewController.h */,
				431E1C1C19A4E76400DB1383 /* XGMResultadoViewController.m */,
			);
			name = ResultadoViewController;
			sourceTree = "<group>";
		};
		431E1C1E19A4FF5B00DB1383 /* Triangulo */ = {
			isa = PBXGroup;
			children = (
				431E1C1F19A4FF7000DB1383 /* XGMTriangulo.h */,
				431E1C2019A4FF7000DB1383 /* XGMTriangulo.m */,
			);
			name = Triangulo;
			sourceTree = "<group>";
		};
		431E1C2219A5020800DB1383 /* Circulo */ = {
			isa = PBXGroup;
			children = (
				431E1C2319A5021A00DB1383 /* XGMCirculo.h */,
				431E1C2419A5021A00DB1383 /* XGMCirculo.m */,
			);
			name = Circulo;
			sourceTree = "<group>";
		};
		431E1C2619A5094300DB1383 /* Cilindro */ = {
			isa = PBXGroup;
			children = (
				431E1C2719A50B0100DB1383 /* XGMCilindro.h */,
				431E1C2819A50B0100DB1383 /* XGMCilindro.m */,
			);
			name = Cilindro;
			sourceTree = "<group>";
		};
		431E1C2A19A511C700DB1383 /* Cone */ = {
			isa = PBXGroup;
			children = (
				431E1C2B19A511E700DB1383 /* XGMCone.h */,
				431E1C2C19A511E700DB1383 /* XGMCone.m */,
			);
			name = Cone;
			sourceTree = "<group>";
		};
		431E1C2E19A53ACA00DB1383 /* Cubo */ = {
			isa = PBXGroup;
			children = (
				431E1C3019A53AF400DB1383 /* XGMCubo.h */,
				431E1C3119A53AF400DB1383 /* XGMCubo.m */,
			);
			name = Cubo;
			sourceTree = "<group>";
		};
		431E1C2F19A53AD900DB1383 /* Formas */ = {
			isa = PBXGroup;
			children = (
				431E1C2619A5094300DB1383 /* Cilindro */,
				431E1C2219A5020800DB1383 /* Circulo */,
				431E1C2A19A511C700DB1383 /* Cone */,
				431E1C2E19A53ACA00DB1383 /* Cubo */,
				431E1C3319A5415700DB1383 /* Esfera */,
				431E1C1619A4E38F00DB1383 /* Quadrado */,
				435B8B5B19A6512500D2A3B7 /* Retangulo */,
				435B8B5F19A6560600D2A3B7 /* Trapezio */,
				431E1C1E19A4FF5B00DB1383 /* Triangulo */,
				435B8B6319A65D9800D2A3B7 /* Tronco de cone */,
			);
			name = Formas;
			sourceTree = "<group>";
		};
		431E1C3319A5415700DB1383 /* Esfera */ = {
			isa = PBXGroup;
			children = (
				431E1C3419A5416200DB1383 /* XGMEsfera.h */,
				431E1C3519A5416200DB1383 /* XGMEsfera.m */,
			);
			name = Esfera;
			sourceTree = "<group>";
		};
		432C4CCD199A90C100162D4D /* FormaTableViewController */ = {
			isa = PBXGroup;
			children = (
				432C4CCE199A90D900162D4D /* XGMFormaTableViewController.h */,
				432C4CCF199A90D900162D4D /* XGMFormaTableViewController.m */,
			);
			name = FormaTableViewController;
			sourceTree = "<group>";
		};
		432C4CD1199A9BD600162D4D /* CalculoViewController */ = {
			isa = PBXGroup;
			children = (
				43C4E58319A29991009BE472 /* XGMCalculoViewController.h */,
				43C4E58419A29991009BE472 /* XGMCalculoViewController.m */,
			);
			name = CalculoViewController;
			sourceTree = "<group>";
		};
		435B8B5B19A6512500D2A3B7 /* Retangulo */ = {
			isa = PBXGroup;
			children = (
				435B8B5C19A6513A00D2A3B7 /* XGMRetangulo.h */,
				435B8B5D19A6513A00D2A3B7 /* XGMRetangulo.m */,
			);
			name = Retangulo;
			sourceTree = "<group>";
		};
		435B8B5F19A6560600D2A3B7 /* Trapezio */ = {
			isa = PBXGroup;
			children = (
				435B8B6019A6561500D2A3B7 /* XGMTrapezio.h */,
				435B8B6119A6561500D2A3B7 /* XGMTrapezio.m */,
			);
			name = Trapezio;
			sourceTree = "<group>";
		};
		435B8B6319A65D9800D2A3B7 /* Tronco de cone */ = {
			isa = PBXGroup;
			children = (
				435B8B6419A65DCB00D2A3B7 /* XGMTroncoDeCone.h */,
				435B8B6519A65DCB00D2A3B7 /* XGMTroncoDeCone.m */,
			);
			name = "Tronco de cone";
			sourceTree = "<group>";
		};
		43CF0D49199548AE00ECC2AC = {
			isa = PBXGroup;
			children = (
				43CF0D5B199548AE00ECC2AC /* xGeometry */,
				43CF0D7D199548AF00ECC2AC /* xGeometryTests */,
				43CF0D54199548AE00ECC2AC /* Frameworks */,
				43CF0D53199548AE00ECC2AC /* Products */,
			);
			sourceTree = "<group>";
		};
		43CF0D53199548AE00ECC2AC /* Products */ = {
			isa = PBXGroup;
			children = (
				43CF0D52199548AE00ECC2AC /* xGeometry.app */,
				43CF0D76199548AF00ECC2AC /* xGeometryTests.xctest */,
			);
			name = Products;
			sourceTree = "<group>";
		};
		43CF0D54199548AE00ECC2AC /* Frameworks */ = {
			isa = PBXGroup;
			children = (
				43CF0D55199548AE00ECC2AC /* Foundation.framework */,
				43CF0D57199548AE00ECC2AC /* CoreGraphics.framework */,
				43CF0D59199548AE00ECC2AC /* UIKit.framework */,
				43CF0D77199548AF00ECC2AC /* XCTest.framework */,
			);
			name = Frameworks;
			sourceTree = "<group>";
		};
		43CF0D5B199548AE00ECC2AC /* xGeometry */ = {
			isa = PBXGroup;
			children = (
				43CF0D9419955C9300ECC2AC /* Database */,
				43CF0D8D19955AC800ECC2AC /* AppDelegate */,
				43CF0D8E19955AD100ECC2AC /* Storyboard */,
				43CF0D9019955B6B00ECC2AC /* PrincipalTableViewController */,
				432C4CCD199A90C100162D4D /* FormaTableViewController */,
				432C4CD1199A9BD600162D4D /* CalculoViewController */,
				431E1C2F19A53AD900DB1383 /* Formas */,
				431E1C1A19A4E74B00DB1383 /* ResultadoViewController */,
				43CF0D70199548AE00ECC2AC /* Images.xcassets */,
				43CF0D5C199548AE00ECC2AC /* Supporting Files */,
			);
			path = xGeometry;
			sourceTree = "<group>";
		};
		43CF0D5C199548AE00ECC2AC /* Supporting Files */ = {
			isa = PBXGroup;
			children = (
				43CF0D5D199548AE00ECC2AC /* xGeometry-Info.plist */,
				43CF0D5E199548AE00ECC2AC /* InfoPlist.strings */,
				43CF0D61199548AE00ECC2AC /* main.m */,
				43CF0D63199548AE00ECC2AC /* xGeometry-Prefix.pch */,
			);
			name = "Supporting Files";
			sourceTree = "<group>";
		};
		43CF0D7D199548AF00ECC2AC /* xGeometryTests */ = {
			isa = PBXGroup;
			children = (
				43CF0D83199548AF00ECC2AC /* xGeometryTests.m */,
				43CF0D7E199548AF00ECC2AC /* Supporting Files */,
			);
			path = xGeometryTests;
			sourceTree = "<group>";
		};
		43CF0D7E199548AF00ECC2AC /* Supporting Files */ = {
			isa = PBXGroup;
			children = (
				43CF0D7F199548AF00ECC2AC /* xGeometryTests-Info.plist */,
				43CF0D80199548AF00ECC2AC /* InfoPlist.strings */,
			);
			name = "Supporting Files";
			sourceTree = "<group>";
		};
		43CF0D8D19955AC800ECC2AC /* AppDelegate */ = {
			isa = PBXGroup;
			children = (
				43CF0D64199548AE00ECC2AC /* XGMAppDelegate.h */,
				43CF0D65199548AE00ECC2AC /* XGMAppDelegate.m */,
			);
			name = AppDelegate;
			sourceTree = "<group>";
		};
		43CF0D8E19955AD100ECC2AC /* Storyboard */ = {
			isa = PBXGroup;
			children = (
				43CF0D67199548AE00ECC2AC /* Main_iPhone.storyboard */,
				43CF0D6A199548AE00ECC2AC /* Main_iPad.storyboard */,
			);
			name = Storyboard;
			sourceTree = "<group>";
		};
		43CF0D9019955B6B00ECC2AC /* PrincipalTableViewController */ = {
			isa = PBXGroup;
			children = (
				43CF0D9119955B9100ECC2AC /* XGMPrincipalTableViewController.h */,
				43CF0D9219955B9100ECC2AC /* XGMPrincipalTableViewController.m */,
			);
			name = PrincipalTableViewController;
			sourceTree = "<group>";
		};
		43CF0D9419955C9300ECC2AC /* Database */ = {
			isa = PBXGroup;
			children = (
				43CF0D9519955CB500ECC2AC /* principalTableView.plist */,
			);
			name = Database;
			sourceTree = "<group>";
		};
/* End PBXGroup section */

/* Begin PBXNativeTarget section */
		43CF0D51199548AE00ECC2AC /* xGeometry */ = {
			isa = PBXNativeTarget;
			buildConfigurationList = 43CF0D87199548AF00ECC2AC /* Build configuration list for PBXNativeTarget "xGeometry" */;
			buildPhases = (
				43CF0D4E199548AE00ECC2AC /* Sources */,
				43CF0D4F199548AE00ECC2AC /* Frameworks */,
				43CF0D50199548AE00ECC2AC /* Resources */,
			);
			buildRules = (
			);
			dependencies = (
			);
			name = xGeometry;
			productName = xGeometry;
			productReference = 43CF0D52199548AE00ECC2AC /* xGeometry.app */;
			productType = "com.apple.product-type.application";
		};
		43CF0D75199548AF00ECC2AC /* xGeometryTests */ = {
			isa = PBXNativeTarget;
			buildConfigurationList = 43CF0D8A199548AF00ECC2AC /* Build configuration list for PBXNativeTarget "xGeometryTests" */;
			buildPhases = (
				43CF0D72199548AF00ECC2AC /* Sources */,
				43CF0D73199548AF00ECC2AC /* Frameworks */,
				43CF0D74199548AF00ECC2AC /* Resources */,
			);
			buildRules = (
			);
			dependencies = (
				43CF0D7C199548AF00ECC2AC /* PBXTargetDependency */,
			);
			name = xGeometryTests;
			productName = xGeometryTests;
			productReference = 43CF0D76199548AF00ECC2AC /* xGeometryTests.xctest */;
			productType = "com.apple.product-type.bundle.unit-test";
		};
/* End PBXNativeTarget section */

/* Begin PBXProject section */
		43CF0D4A199548AE00ECC2AC /* Project object */ = {
			isa = PBXProject;
			attributes = {
				CLASSPREFIX = XGM;
				LastUpgradeCheck = 0510;
				ORGANIZATIONNAME = "Júlio César Menezes Noronha";
				TargetAttributes = {
					43CF0D75199548AF00ECC2AC = {
						TestTargetID = 43CF0D51199548AE00ECC2AC;
					};
				};
			};
			buildConfigurationList = 43CF0D4D199548AE00ECC2AC /* Build configuration list for PBXProject "xGeometry" */;
			compatibilityVersion = "Xcode 3.2";
			developmentRegion = English;
			hasScannedForEncodings = 0;
			knownRegions = (
				en,
				Base,
			);
			mainGroup = 43CF0D49199548AE00ECC2AC;
			productRefGroup = 43CF0D53199548AE00ECC2AC /* Products */;
			projectDirPath = "";
			projectRoot = "";
			targets = (
				43CF0D51199548AE00ECC2AC /* xGeometry */,
				43CF0D75199548AF00ECC2AC /* xGeometryTests */,
			);
		};
/* End PBXProject section */

/* Begin PBXResourcesBuildPhase section */
		43CF0D50199548AE00ECC2AC /* Resources */ = {
			isa = PBXResourcesBuildPhase;
			buildActionMask = 2147483647;
			files = (
				43CF0D6C199548AE00ECC2AC /* Main_iPad.storyboard in Resources */,
				43CF0D71199548AE00ECC2AC /* Images.xcassets in Resources */,
				43CF0D69199548AE00ECC2AC /* Main_iPhone.storyboard in Resources */,
				43CF0D9619955CB500ECC2AC /* principalTableView.plist in Resources */,
				43CF0D60199548AE00ECC2AC /* InfoPlist.strings in Resources */,
			);
			runOnlyForDeploymentPostprocessing = 0;
		};
		43CF0D74199548AF00ECC2AC /* Resources */ = {
			isa = PBXResourcesBuildPhase;
			buildActionMask = 2147483647;
			files = (
				43CF0D82199548AF00ECC2AC /* InfoPlist.strings in Resources */,
			);
			runOnlyForDeploymentPostprocessing = 0;
		};
/* End PBXResourcesBuildPhase section */

/* Begin PBXSourcesBuildPhase section */
		43CF0D4E199548AE00ECC2AC /* Sources */ = {
			isa = PBXSourcesBuildPhase;
			buildActionMask = 2147483647;
			files = (
				431E1C2519A5021A00DB1383 /* XGMCirculo.m in Sources */,
				431E1C3219A53AF400DB1383 /* XGMCubo.m in Sources */,
				431E1C3619A5416200DB1383 /* XGMEsfera.m in Sources */,
				431E1C1D19A4E76400DB1383 /* XGMResultadoViewController.m in Sources */,
				435B8B6219A6561500D2A3B7 /* XGMTrapezio.m in Sources */,
				432C4CD0199A90D900162D4D /* XGMFormaTableViewController.m in Sources */,
				431E1C2119A4FF7000DB1383 /* XGMTriangulo.m in Sources */,
				43C4E58519A29991009BE472 /* XGMCalculoViewController.m in Sources */,
				43CF0D62199548AE00ECC2AC /* main.m in Sources */,
				43CF0D66199548AE00ECC2AC /* XGMAppDelegate.m in Sources */,
				431E1C2D19A511E700DB1383 /* XGMCone.m in Sources */,
				435B8B6619A65DCB00D2A3B7 /* XGMTroncoDeCone.m in Sources */,
				43CF0D9319955B9100ECC2AC /* XGMPrincipalTableViewController.m in Sources */,
				431E1C2919A50B0100DB1383 /* XGMCilindro.m in Sources */,
				435B8B5E19A6513A00D2A3B7 /* XGMRetangulo.m in Sources */,
				431E1C1919A4E3AA00DB1383 /* XGMQuadrado.m in Sources */,
			);
			runOnlyForDeploymentPostprocessing = 0;
		};
		43CF0D72199548AF00ECC2AC /* Sources */ = {
			isa = PBXSourcesBuildPhase;
			buildActionMask = 2147483647;
			files = (
				43CF0D84199548AF00ECC2AC /* xGeometryTests.m in Sources */,
			);
			runOnlyForDeploymentPostprocessing = 0;
		};
/* End PBXSourcesBuildPhase section */

/* Begin PBXTargetDependency section */
		43CF0D7C199548AF00ECC2AC /* PBXTargetDependency */ = {
			isa = PBXTargetDependency;
			target = 43CF0D51199548AE00ECC2AC /* xGeometry */;
			targetProxy = 43CF0D7B199548AF00ECC2AC /* PBXContainerItemProxy */;
		};
/* End PBXTargetDependency section */

/* Begin PBXVariantGroup section */
		43CF0D5E199548AE00ECC2AC /* InfoPlist.strings */ = {
			isa = PBXVariantGroup;
			children = (
				43CF0D5F199548AE00ECC2AC /* en */,
			);
			name = InfoPlist.strings;
			sourceTree = "<group>";
		};
		43CF0D67199548AE00ECC2AC /* Main_iPhone.storyboard */ = {
			isa = PBXVariantGroup;
			children = (
				43CF0D68199548AE00ECC2AC /* Base */,
			);
			name = Main_iPhone.storyboard;
			sourceTree = "<group>";
		};
		43CF0D6A199548AE00ECC2AC /* Main_iPad.storyboard */ = {
			isa = PBXVariantGroup;
			children = (
				43CF0D6B199548AE00ECC2AC /* Base */,
			);
			name = Main_iPad.storyboard;
			sourceTree = "<group>";
		};
		43CF0D80199548AF00ECC2AC /* InfoPlist.strings */ = {
			isa = PBXVariantGroup;
			children = (
				43CF0D81199548AF00ECC2AC /* en */,
			);
			name = InfoPlist.strings;
			sourceTree = "<group>";
		};
/* End PBXVariantGroup section */

/* Begin XCBuildConfiguration section */
		43CF0D85199548AF00ECC2AC /* Debug */ = {
			isa = XCBuildConfiguration;
			buildSettings = {
				ALWAYS_SEARCH_USER_PATHS = NO;
				CLANG_CXX_LANGUAGE_STANDARD = "gnu++0x";
				CLANG_CXX_LIBRARY = "libc++";
				CLANG_ENABLE_MODULES = YES;
				CLANG_ENABLE_OBJC_ARC = YES;
				CLANG_WARN_BOOL_CONVERSION = YES;
				CLANG_WARN_CONSTANT_CONVERSION = YES;
				CLANG_WARN_DIRECT_OBJC_ISA_USAGE = YES_ERROR;
				CLANG_WARN_EMPTY_BODY = YES;
				CLANG_WARN_ENUM_CONVERSION = YES;
				CLANG_WARN_INT_CONVERSION = YES;
				CLANG_WARN_OBJC_ROOT_CLASS = YES_ERROR;
				CLANG_WARN__DUPLICATE_METHOD_MATCH = YES;
				"CODE_SIGN_IDENTITY[sdk=iphoneos*]" = "iPhone Developer";
				COPY_PHASE_STRIP = NO;
				GCC_C_LANGUAGE_STANDARD = gnu99;
				GCC_DYNAMIC_NO_PIC = NO;
				GCC_OPTIMIZATION_LEVEL = 0;
				GCC_PREPROCESSOR_DEFINITIONS = (
					"DEBUG=1",
					"$(inherited)",
				);
				GCC_SYMBOLS_PRIVATE_EXTERN = NO;
				GCC_WARN_64_TO_32_BIT_CONVERSION = YES;
				GCC_WARN_ABOUT_RETURN_TYPE = YES_ERROR;
				GCC_WARN_UNDECLARED_SELECTOR = YES;
				GCC_WARN_UNINITIALIZED_AUTOS = YES_AGGRESSIVE;
				GCC_WARN_UNUSED_FUNCTION = YES;
				GCC_WARN_UNUSED_VARIABLE = YES;
				IPHONEOS_DEPLOYMENT_TARGET = 7.1;
				ONLY_ACTIVE_ARCH = YES;
				SDKROOT = iphoneos;
				TARGETED_DEVICE_FAMILY = "1,2";
			};
			name = Debug;
		};
		43CF0D86199548AF00ECC2AC /* Release */ = {
			isa = XCBuildConfiguration;
			buildSettings = {
				ALWAYS_SEARCH_USER_PATHS = NO;
				CLANG_CXX_LANGUAGE_STANDARD = "gnu++0x";
				CLANG_CXX_LIBRARY = "libc++";
				CLANG_ENABLE_MODULES = YES;
				CLANG_ENABLE_OBJC_ARC = YES;
				CLANG_WARN_BOOL_CONVERSION = YES;
				CLANG_WARN_CONSTANT_CONVERSION = YES;
				CLANG_WARN_DIRECT_OBJC_ISA_USAGE = YES_ERROR;
				CLANG_WARN_EMPTY_BODY = YES;
				CLANG_WARN_ENUM_CONVERSION = YES;
				CLANG_WARN_INT_CONVERSION = YES;
				CLANG_WARN_OBJC_ROOT_CLASS = YES_ERROR;
				CLANG_WARN__DUPLICATE_METHOD_MATCH = YES;
				"CODE_SIGN_IDENTITY[sdk=iphoneos*]" = "iPhone Developer";
				COPY_PHASE_STRIP = YES;
				ENABLE_NS_ASSERTIONS = NO;
				GCC_C_LANGUAGE_STANDARD = gnu99;
				GCC_WARN_64_TO_32_BIT_CONVERSION = YES;
				GCC_WARN_ABOUT_RETURN_TYPE = YES_ERROR;
				GCC_WARN_UNDECLARED_SELECTOR = YES;
				GCC_WARN_UNINITIALIZED_AUTOS = YES_AGGRESSIVE;
				GCC_WARN_UNUSED_FUNCTION = YES;
				GCC_WARN_UNUSED_VARIABLE = YES;
				IPHONEOS_DEPLOYMENT_TARGET = 7.1;
				SDKROOT = iphoneos;
				TARGETED_DEVICE_FAMILY = "1,2";
				VALIDATE_PRODUCT = YES;
			};
			name = Release;
		};
		43CF0D88199548AF00ECC2AC /* Debug */ = {
			isa = XCBuildConfiguration;
			buildSettings = {
				ASSETCATALOG_COMPILER_APPICON_NAME = AppIcon;
				ASSETCATALOG_COMPILER_LAUNCHIMAGE_NAME = LaunchImage;
				GCC_PRECOMPILE_PREFIX_HEADER = YES;
				GCC_PREFIX_HEADER = "xGeometry/xGeometry-Prefix.pch";
				INFOPLIST_FILE = "xGeometry/xGeometry-Info.plist";
				PRODUCT_NAME = "$(TARGET_NAME)";
				TARGETED_DEVICE_FAMILY = 1;
				WRAPPER_EXTENSION = app;
			};
			name = Debug;
		};
		43CF0D89199548AF00ECC2AC /* Release */ = {
			isa = XCBuildConfiguration;
			buildSettings = {
				ASSETCATALOG_COMPILER_APPICON_NAME = AppIcon;
				ASSETCATALOG_COMPILER_LAUNCHIMAGE_NAME = LaunchImage;
				GCC_PRECOMPILE_PREFIX_HEADER = YES;
				GCC_PREFIX_HEADER = "xGeometry/xGeometry-Prefix.pch";
				INFOPLIST_FILE = "xGeometry/xGeometry-Info.plist";
				PRODUCT_NAME = "$(TARGET_NAME)";
				TARGETED_DEVICE_FAMILY = 1;
				WRAPPER_EXTENSION = app;
			};
			name = Release;
		};
		43CF0D8B199548AF00ECC2AC /* Debug */ = {
			isa = XCBuildConfiguration;
			buildSettings = {
				BUNDLE_LOADER = "$(BUILT_PRODUCTS_DIR)/xGeometry.app/xGeometry";
				FRAMEWORK_SEARCH_PATHS = (
					"$(SDKROOT)/Developer/Library/Frameworks",
					"$(inherited)",
					"$(DEVELOPER_FRAMEWORKS_DIR)",
				);
				GCC_PRECOMPILE_PREFIX_HEADER = YES;
				GCC_PREFIX_HEADER = "xGeometry/xGeometry-Prefix.pch";
				GCC_PREPROCESSOR_DEFINITIONS = (
					"DEBUG=1",
					"$(inherited)",
				);
				INFOPLIST_FILE = "xGeometryTests/xGeometryTests-Info.plist";
				PRODUCT_NAME = "$(TARGET_NAME)";
				TEST_HOST = "$(BUNDLE_LOADER)";
				WRAPPER_EXTENSION = xctest;
			};
			name = Debug;
		};
		43CF0D8C199548AF00ECC2AC /* Release */ = {
			isa = XCBuildConfiguration;
			buildSettings = {
				BUNDLE_LOADER = "$(BUILT_PRODUCTS_DIR)/xGeometry.app/xGeometry";
				FRAMEWORK_SEARCH_PATHS = (
					"$(SDKROOT)/Developer/Library/Frameworks",
					"$(inherited)",
					"$(DEVELOPER_FRAMEWORKS_DIR)",
				);
				GCC_PRECOMPILE_PREFIX_HEADER = YES;
				GCC_PREFIX_HEADER = "xGeometry/xGeometry-Prefix.pch";
				INFOPLIST_FILE = "xGeometryTests/xGeometryTests-Info.plist";
				PRODUCT_NAME = "$(TARGET_NAME)";
				TEST_HOST = "$(BUNDLE_LOADER)";
				WRAPPER_EXTENSION = xctest;
			};
			name = Release;
		};
/* End XCBuildConfiguration section */

/* Begin XCConfigurationList section */
		43CF0D4D199548AE00ECC2AC /* Build configuration list for PBXProject "xGeometry" */ = {
			isa = XCConfigurationList;
			buildConfigurations = (
				43CF0D85199548AF00ECC2AC /* Debug */,
				43CF0D86199548AF00ECC2AC /* Release */,
			);
			defaultConfigurationIsVisible = 0;
			defaultConfigurationName = Release;
		};
		43CF0D87199548AF00ECC2AC /* Build configuration list for PBXNativeTarget "xGeometry" */ = {
			isa = XCConfigurationList;
			buildConfigurations = (
				43CF0D88199548AF00ECC2AC /* Debug */,
				43CF0D89199548AF00ECC2AC /* Release */,
			);
			defaultConfigurationIsVisible = 0;
			defaultConfigurationName = Release;
		};
		43CF0D8A199548AF00ECC2AC /* Build configuration list for PBXNativeTarget "xGeometryTests" */ = {
			isa = XCConfigurationList;
			buildConfigurations = (
				43CF0D8B199548AF00ECC2AC /* Debug */,
				43CF0D8C199548AF00ECC2AC /* Release */,
			);
			defaultConfigurationIsVisible = 0;
			defaultConfigurationName = Release;
		};
/* End XCConfigurationList section */
	};
	rootObject = 43CF0D4A199548AE00ECC2AC /* Project object */;
}
